// !$*UTF8*$!
{
	archiveVersion = 1;
	classes = {
	};
	objectVersion = 50;
	objects = {

/* Begin PBXBuildFile section */
		F42C44AC2607A1C100C80575 /* TicketDetail.swift in Sources */ = {isa = PBXBuildFile; fileRef = F42C44AB2607A1C100C80575 /* TicketDetail.swift */; };
		F42C44AF2607B1B300C80575 /* BookFilm.swift in Sources */ = {isa = PBXBuildFile; fileRef = F42C44AE2607B1B300C80575 /* BookFilm.swift */; };
		F4A87BEF2605E4CF008963DF /* CinemaApp.swift in Sources */ = {isa = PBXBuildFile; fileRef = F4A87BEE2605E4CF008963DF /* CinemaApp.swift */; };
		F4A87BF32605E4DA008963DF /* Assets.xcassets in Resources */ = {isa = PBXBuildFile; fileRef = F4A87BF22605E4DA008963DF /* Assets.xcassets */; };
		F4A87C032605E9FD008963DF /* WhatsOn.swift in Sources */ = {isa = PBXBuildFile; fileRef = F4A87C022605E9FD008963DF /* WhatsOn.swift */; };
		F4A87C062605EA21008963DF /* MyTickets.swift in Sources */ = {isa = PBXBuildFile; fileRef = F4A87C052605EA21008963DF /* MyTickets.swift */; };
		F4A87C092605EA77008963DF /* Tabs.swift in Sources */ = {isa = PBXBuildFile; fileRef = F4A87C082605EA77008963DF /* Tabs.swift */; };
		F4A87C1326065E28008963DF /* filmData.json in Resources */ = {isa = PBXBuildFile; fileRef = F4A87C1226065E28008963DF /* filmData.json */; };
		F4A87C16260665B0008963DF /* Film.swift in Sources */ = {isa = PBXBuildFile; fileRef = F4A87C15260665B0008963DF /* Film.swift */; };
		F4A87C1A26066766008963DF /* Coordinates.swift in Sources */ = {isa = PBXBuildFile; fileRef = F4A87C1926066766008963DF /* Coordinates.swift */; };
		F4A87C1D260667CE008963DF /* ModelData.swift in Sources */ = {isa = PBXBuildFile; fileRef = F4A87C1C260667CE008963DF /* ModelData.swift */; };
		F4A87C21260668DC008963DF /* FilmDetail.swift in Sources */ = {isa = PBXBuildFile; fileRef = F4A87C20260668DC008963DF /* FilmDetail.swift */; };
		F4A87C2826067D8D008963DF /* SearchBar.swift in Sources */ = {isa = PBXBuildFile; fileRef = F4A87C2726067D8D008963DF /* SearchBar.swift */; };
		F4A87C2F2607353C008963DF /* GenreFilm.swift in Sources */ = {isa = PBXBuildFile; fileRef = F4A87C2E2607353C008963DF /* GenreFilm.swift */; };
		F4A87C322607362F008963DF /* GenreRow.swift in Sources */ = {isa = PBXBuildFile; fileRef = F4A87C312607362F008963DF /* GenreRow.swift */; };
		F4A87C35260738D5008963DF /* Genre.swift in Sources */ = {isa = PBXBuildFile; fileRef = F4A87C34260738D5008963DF /* Genre.swift */; };
		F4A87C3E26077E49008963DF /* CinemaMap.swift in Sources */ = {isa = PBXBuildFile; fileRef = F4A87C3D26077E49008963DF /* CinemaMap.swift */; };
/* End PBXBuildFile section */

/* Begin PBXFileReference section */
		F42C44AB2607A1C100C80575 /* TicketDetail.swift */ = {isa = PBXFileReference; lastKnownFileType = sourcecode.swift; path = TicketDetail.swift; sourceTree = "<group>"; };
		F42C44AE2607B1B300C80575 /* BookFilm.swift */ = {isa = PBXFileReference; lastKnownFileType = sourcecode.swift; path = BookFilm.swift; sourceTree = "<group>"; };
		F4A87BEB2605E4CF008963DF /* Cinema.app */ = {isa = PBXFileReference; explicitFileType = wrapper.application; includeInIndex = 0; path = Cinema.app; sourceTree = BUILT_PRODUCTS_DIR; };
		F4A87BEE2605E4CF008963DF /* CinemaApp.swift */ = {isa = PBXFileReference; lastKnownFileType = sourcecode.swift; path = CinemaApp.swift; sourceTree = "<group>"; };
		F4A87BF22605E4DA008963DF /* Assets.xcassets */ = {isa = PBXFileReference; lastKnownFileType = folder.assetcatalog; path = Assets.xcassets; sourceTree = "<group>"; };
		F4A87BF72605E4DA008963DF /* Info.plist */ = {isa = PBXFileReference; lastKnownFileType = text.plist.xml; path = Info.plist; sourceTree = "<group>"; };
		F4A87C022605E9FD008963DF /* WhatsOn.swift */ = {isa = PBXFileReference; lastKnownFileType = sourcecode.swift; path = WhatsOn.swift; sourceTree = "<group>"; };
		F4A87C052605EA21008963DF /* MyTickets.swift */ = {isa = PBXFileReference; lastKnownFileType = sourcecode.swift; path = MyTickets.swift; sourceTree = "<group>"; };
		F4A87C082605EA77008963DF /* Tabs.swift */ = {isa = PBXFileReference; lastKnownFileType = sourcecode.swift; path = Tabs.swift; sourceTree = "<group>"; };
		F4A87C1226065E28008963DF /* filmData.json */ = {isa = PBXFileReference; fileEncoding = 4; lastKnownFileType = text.json; path = filmData.json; sourceTree = "<group>"; };
		F4A87C15260665B0008963DF /* Film.swift */ = {isa = PBXFileReference; lastKnownFileType = sourcecode.swift; path = Film.swift; sourceTree = "<group>"; };
		F4A87C1926066766008963DF /* Coordinates.swift */ = {isa = PBXFileReference; lastKnownFileType = sourcecode.swift; path = Coordinates.swift; sourceTree = "<group>"; };
		F4A87C1C260667CE008963DF /* ModelData.swift */ = {isa = PBXFileReference; lastKnownFileType = sourcecode.swift; path = ModelData.swift; sourceTree = "<group>"; };
		F4A87C20260668DC008963DF /* FilmDetail.swift */ = {isa = PBXFileReference; lastKnownFileType = sourcecode.swift; path = FilmDetail.swift; sourceTree = "<group>"; };
		F4A87C2726067D8D008963DF /* SearchBar.swift */ = {isa = PBXFileReference; lastKnownFileType = sourcecode.swift; path = SearchBar.swift; sourceTree = "<group>"; };
		F4A87C2E2607353C008963DF /* GenreFilm.swift */ = {isa = PBXFileReference; lastKnownFileType = sourcecode.swift; path = GenreFilm.swift; sourceTree = "<group>"; };
		F4A87C312607362F008963DF /* GenreRow.swift */ = {isa = PBXFileReference; lastKnownFileType = sourcecode.swift; path = GenreRow.swift; sourceTree = "<group>"; };
		F4A87C34260738D5008963DF /* Genre.swift */ = {isa = PBXFileReference; lastKnownFileType = sourcecode.swift; path = Genre.swift; sourceTree = "<group>"; };
		F4A87C3D26077E49008963DF /* CinemaMap.swift */ = {isa = PBXFileReference; lastKnownFileType = sourcecode.swift; path = CinemaMap.swift; sourceTree = "<group>"; };
/* End PBXFileReference section */

/* Begin PBXFrameworksBuildPhase section */
		F4A87BE82605E4CF008963DF /* Frameworks */ = {
			isa = PBXFrameworksBuildPhase;
			buildActionMask = 2147483647;
			files = (
			);
			runOnlyForDeploymentPostprocessing = 0;
		};
/* End PBXFrameworksBuildPhase section */

/* Begin PBXGroup section */
		F4A87BE22605E4CF008963DF = {
			isa = PBXGroup;
			children = (
				F4A87BEC2605E4CF008963DF /* Products */,
				F4A87BED2605E4CF008963DF /* Cinema */,
			);
			sourceTree = "<group>";
		};
		F4A87BEC2605E4CF008963DF /* Products */ = {
			isa = PBXGroup;
			children = (
				F4A87BEB2605E4CF008963DF /* Cinema.app */,
			);
			name = Products;
			sourceTree = "<group>";
		};
		F4A87BED2605E4CF008963DF /* Cinema */ = {
			isa = PBXGroup;
			children = (
				F4A87BEE2605E4CF008963DF /* CinemaApp.swift */,
				F4A87BF22605E4DA008963DF /* Assets.xcassets */,
				F4A87BF72605E4DA008963DF /* Info.plist */,
				F4A87C0F26065DA0008963DF /* Views */,
				F4A87C1026065DAE008963DF /* Models */,
				F4A87C1126065DB5008963DF /* Data Store */,
				F4A87C2526066ADC008963DF /* Preview Content */,
			);
			path = Cinema;
			sourceTree = "<group>";
		};
		F4A87C0F26065DA0008963DF /* Views */ = {
			isa = PBXGroup;
			children = (
				F4A87C082605EA77008963DF /* Tabs.swift */,
				F4A87C022605E9FD008963DF /* WhatsOn.swift */,
				F4A87C312607362F008963DF /* GenreRow.swift */,
				F4A87C2E2607353C008963DF /* GenreFilm.swift */,
				F4A87C20260668DC008963DF /* FilmDetail.swift */,
				F42C44AE2607B1B300C80575 /* BookFilm.swift */,
				F4A87C3D26077E49008963DF /* CinemaMap.swift */,
				F4A87C052605EA21008963DF /* MyTickets.swift */,
				F42C44AB2607A1C100C80575 /* TicketDetail.swift */,
				F4A87C2726067D8D008963DF /* SearchBar.swift */,
			);
			path = Views;
			sourceTree = "<group>";
		};
		F4A87C1026065DAE008963DF /* Models */ = {
			isa = PBXGroup;
			children = (
				F4A87C1C260667CE008963DF /* ModelData.swift */,
				F4A87C15260665B0008963DF /* Film.swift */,
				F4A87C34260738D5008963DF /* Genre.swift */,
				F4A87C1926066766008963DF /* Coordinates.swift */,
			);
			path = Models;
			sourceTree = "<group>";
		};
		F4A87C1126065DB5008963DF /* Data Store */ = {
			isa = PBXGroup;
			children = (
				F4A87C1226065E28008963DF /* filmData.json */,
			);
			path = "Data Store";
			sourceTree = "<group>";
		};
		F4A87C2526066ADC008963DF /* Preview Content */ = {
			isa = PBXGroup;
			children = (
			);
			path = "Preview Content";
			sourceTree = "<group>";
		};
/* End PBXGroup section */

/* Begin PBXNativeTarget section */
		F4A87BEA2605E4CF008963DF /* Cinema */ = {
			isa = PBXNativeTarget;
			buildConfigurationList = F4A87BFA2605E4DA008963DF /* Build configuration list for PBXNativeTarget "Cinema" */;
			buildPhases = (
				F4A87BE72605E4CF008963DF /* Sources */,
				F4A87BE82605E4CF008963DF /* Frameworks */,
				F4A87BE92605E4CF008963DF /* Resources */,
			);
			buildRules = (
			);
			dependencies = (
			);
			name = Cinema;
			productName = Cinema;
			productReference = F4A87BEB2605E4CF008963DF /* Cinema.app */;
			productType = "com.apple.product-type.application";
		};
/* End PBXNativeTarget section */

/* Begin PBXProject section */
		F4A87BE32605E4CF008963DF /* Project object */ = {
			isa = PBXProject;
			attributes = {
				LastSwiftUpdateCheck = 1240;
				LastUpgradeCheck = 1240;
				TargetAttributes = {
					F4A87BEA2605E4CF008963DF = {
						CreatedOnToolsVersion = 12.4;
					};
				};
			};
			buildConfigurationList = F4A87BE62605E4CF008963DF /* Build configuration list for PBXProject "Cinema" */;
			compatibilityVersion = "Xcode 9.3";
			developmentRegion = en;
			hasScannedForEncodings = 0;
			knownRegions = (
				en,
				Base,
			);
			mainGroup = F4A87BE22605E4CF008963DF;
			productRefGroup = F4A87BEC2605E4CF008963DF /* Products */;
			projectDirPath = "";
			projectRoot = "";
			targets = (
				F4A87BEA2605E4CF008963DF /* Cinema */,
			);
		};
/* End PBXProject section */

/* Begin PBXResourcesBuildPhase section */
		F4A87BE92605E4CF008963DF /* Resources */ = {
			isa = PBXResourcesBuildPhase;
			buildActionMask = 2147483647;
			files = (
				F4A87BF32605E4DA008963DF /* Assets.xcassets in Resources */,
				F4A87C1326065E28008963DF /* filmData.json in Resources */,
			);
			runOnlyForDeploymentPostprocessing = 0;
		};
/* End PBXResourcesBuildPhase section */

/* Begin PBXSourcesBuildPhase section */
		F4A87BE72605E4CF008963DF /* Sources */ = {
			isa = PBXSourcesBuildPhase;
			buildActionMask = 2147483647;
			files = (
				F4A87C16260665B0008963DF /* Film.swift in Sources */,
				F4A87C2826067D8D008963DF /* SearchBar.swift in Sources */,
				F4A87C3E26077E49008963DF /* CinemaMap.swift in Sources */,
				F4A87C032605E9FD008963DF /* WhatsOn.swift in Sources */,
				F4A87C35260738D5008963DF /* Genre.swift in Sources */,
				F42C44AF2607B1B300C80575 /* BookFilm.swift in Sources */,
				F4A87C322607362F008963DF /* GenreRow.swift in Sources */,
				F42C44AC2607A1C100C80575 /* TicketDetail.swift in Sources */,
				F4A87C062605EA21008963DF /* MyTickets.swift in Sources */,
				F4A87C1A26066766008963DF /* Coordinates.swift in Sources */,
				F4A87BEF2605E4CF008963DF /* CinemaApp.swift in Sources */,
				F4A87C1D260667CE008963DF /* ModelData.swift in Sources */,
				F4A87C21260668DC008963DF /* FilmDetail.swift in Sources */,
				F4A87C2F2607353C008963DF /* GenreFilm.swift in Sources */,
				F4A87C092605EA77008963DF /* Tabs.swift in Sources */,
			);
			runOnlyForDeploymentPostprocessing = 0;
		};
/* End PBXSourcesBuildPhase section */

/* Begin XCBuildConfiguration section */
		F4A87BF82605E4DA008963DF /* Debug */ = {
			isa = XCBuildConfiguration;
			buildSettings = {
				ALWAYS_SEARCH_USER_PATHS = NO;
				CLANG_ANALYZER_NONNULL = YES;
				CLANG_ANALYZER_NUMBER_OBJECT_CONVERSION = YES_AGGRESSIVE;
				CLANG_CXX_LANGUAGE_STANDARD = "gnu++14";
				CLANG_CXX_LIBRARY = "libc++";
				CLANG_ENABLE_MODULES = YES;
				CLANG_ENABLE_OBJC_ARC = YES;
				CLANG_ENABLE_OBJC_WEAK = YES;
				CLANG_WARN_BLOCK_CAPTURE_AUTORELEASING = YES;
				CLANG_WARN_BOOL_CONVERSION = YES;
				CLANG_WARN_COMMA = YES;
				CLANG_WARN_CONSTANT_CONVERSION = YES;
				CLANG_WARN_DEPRECATED_OBJC_IMPLEMENTATIONS = YES;
				CLANG_WARN_DIRECT_OBJC_ISA_USAGE = YES_ERROR;
				CLANG_WARN_DOCUMENTATION_COMMENTS = YES;
				CLANG_WARN_EMPTY_BODY = YES;
				CLANG_WARN_ENUM_CONVERSION = YES;
				CLANG_WARN_INFINITE_RECURSION = YES;
				CLANG_WARN_INT_CONVERSION = YES;
				CLANG_WARN_NON_LITERAL_NULL_CONVERSION = YES;
				CLANG_WARN_OBJC_IMPLICIT_RETAIN_SELF = YES;
				CLANG_WARN_OBJC_LITERAL_CONVERSION = YES;
				CLANG_WARN_OBJC_ROOT_CLASS = YES_ERROR;
				CLANG_WARN_QUOTED_INCLUDE_IN_FRAMEWORK_HEADER = YES;
				CLANG_WARN_RANGE_LOOP_ANALYSIS = YES;
				CLANG_WARN_STRICT_PROTOTYPES = YES;
				CLANG_WARN_SUSPICIOUS_MOVE = YES;
				CLANG_WARN_UNGUARDED_AVAILABILITY = YES_AGGRESSIVE;
				CLANG_WARN_UNREACHABLE_CODE = YES;
				CLANG_WARN__DUPLICATE_METHOD_MATCH = YES;
				COPY_PHASE_STRIP = NO;
				DEBUG_INFORMATION_FORMAT = dwarf;
				ENABLE_STRICT_OBJC_MSGSEND = YES;
				ENABLE_TESTABILITY = YES;
				GCC_C_LANGUAGE_STANDARD = gnu11;
				GCC_DYNAMIC_NO_PIC = NO;
				GCC_NO_COMMON_BLOCKS = YES;
				GCC_OPTIMIZATION_LEVEL = 0;
				GCC_PREPROCESSOR_DEFINITIONS = (
					"DEBUG=1",
					"$(inherited)",
				);
				GCC_WARN_64_TO_32_BIT_CONVERSION = YES;
				GCC_WARN_ABOUT_RETURN_TYPE = YES_ERROR;
				GCC_WARN_UNDECLARED_SELECTOR = YES;
				GCC_WARN_UNINITIALIZED_AUTOS = YES_AGGRESSIVE;
				GCC_WARN_UNUSED_FUNCTION = YES;
				GCC_WARN_UNUSED_VARIABLE = YES;
				IPHONEOS_DEPLOYMENT_TARGET = 14.4;
				MTL_ENABLE_DEBUG_INFO = INCLUDE_SOURCE;
				MTL_FAST_MATH = YES;
				ONLY_ACTIVE_ARCH = YES;
				SDKROOT = iphoneos;
				SWIFT_ACTIVE_COMPILATION_CONDITIONS = DEBUG;
				SWIFT_OPTIMIZATION_LEVEL = "-Onone";
			};
			name = Debug;
		};
		F4A87BF92605E4DA008963DF /* Release */ = {
			isa = XCBuildConfiguration;
			buildSettings = {
				ALWAYS_SEARCH_USER_PATHS = NO;
				CLANG_ANALYZER_NONNULL = YES;
				CLANG_ANALYZER_NUMBER_OBJECT_CONVERSION = YES_AGGRESSIVE;
				CLANG_CXX_LANGUAGE_STANDARD = "gnu++14";
				CLANG_CXX_LIBRARY = "libc++";
				CLANG_ENABLE_MODULES = YES;
				CLANG_ENABLE_OBJC_ARC = YES;
				CLANG_ENABLE_OBJC_WEAK = YES;
				CLANG_WARN_BLOCK_CAPTURE_AUTORELEASING = YES;
				CLANG_WARN_BOOL_CONVERSION = YES;
				CLANG_WARN_COMMA = YES;
				CLANG_WARN_CONSTANT_CONVERSION = YES;
				CLANG_WARN_DEPRECATED_OBJC_IMPLEMENTATIONS = YES;
				CLANG_WARN_DIRECT_OBJC_ISA_USAGE = YES_ERROR;
				CLANG_WARN_DOCUMENTATION_COMMENTS = YES;
				CLANG_WARN_EMPTY_BODY = YES;
				CLANG_WARN_ENUM_CONVERSION = YES;
				CLANG_WARN_INFINITE_RECURSION = YES;
				CLANG_WARN_INT_CONVERSION = YES;
				CLANG_WARN_NON_LITERAL_NULL_CONVERSION = YES;
				CLANG_WARN_OBJC_IMPLICIT_RETAIN_SELF = YES;
				CLANG_WARN_OBJC_LITERAL_CONVERSION = YES;
				CLANG_WARN_OBJC_ROOT_CLASS = YES_ERROR;
				CLANG_WARN_QUOTED_INCLUDE_IN_FRAMEWORK_HEADER = YES;
				CLANG_WARN_RANGE_LOOP_ANALYSIS = YES;
				CLANG_WARN_STRICT_PROTOTYPES = YES;
				CLANG_WARN_SUSPICIOUS_MOVE = YES;
				CLANG_WARN_UNGUARDED_AVAILABILITY = YES_AGGRESSIVE;
				CLANG_WARN_UNREACHABLE_CODE = YES;
				CLANG_WARN__DUPLICATE_METHOD_MATCH = YES;
				COPY_PHASE_STRIP = NO;
				DEBUG_INFORMATION_FORMAT = "dwarf-with-dsym";
				ENABLE_NS_ASSERTIONS = NO;
				ENABLE_STRICT_OBJC_MSGSEND = YES;
				GCC_C_LANGUAGE_STANDARD = gnu11;
				GCC_NO_COMMON_BLOCKS = YES;
				GCC_WARN_64_TO_32_BIT_CONVERSION = YES;
				GCC_WARN_ABOUT_RETURN_TYPE = YES_ERROR;
				GCC_WARN_UNDECLARED_SELECTOR = YES;
				GCC_WARN_UNINITIALIZED_AUTOS = YES_AGGRESSIVE;
				GCC_WARN_UNUSED_FUNCTION = YES;
				GCC_WARN_UNUSED_VARIABLE = YES;
				IPHONEOS_DEPLOYMENT_TARGET = 14.4;
				MTL_ENABLE_DEBUG_INFO = NO;
				MTL_FAST_MATH = YES;
				SDKROOT = iphoneos;
				SWIFT_COMPILATION_MODE = wholemodule;
				SWIFT_OPTIMIZATION_LEVEL = "-O";
				VALIDATE_PRODUCT = YES;
			};
			name = Release;
		};
		F4A87BFB2605E4DA008963DF /* Debug */ = {
			isa = XCBuildConfiguration;
			buildSettings = {
				ASSETCATALOG_COMPILER_APPICON_NAME = AppIcon;
				ASSETCATALOG_COMPILER_GLOBAL_ACCENT_COLOR_NAME = AccentColor;
				CODE_SIGN_STYLE = Automatic;
				DEVELOPMENT_ASSET_PATHS = "\"Cinema/Preview Content\"";
				DEVELOPMENT_TEAM = 4CQW4CFFYT;
				ENABLE_PREVIEWS = YES;
				INFOPLIST_FILE = Cinema/Info.plist;
				IPHONEOS_DEPLOYMENT_TARGET = 14.0;
				LD_RUNPATH_SEARCH_PATHS = (
					"$(inherited)",
					"@executable_path/Frameworks",
				);
				PRODUCT_BUNDLE_IDENTIFIER = JackFinnis.Cinema;
				PRODUCT_NAME = "$(TARGET_NAME)";
				SWIFT_VERSION = 5.0;
				TARGETED_DEVICE_FAMILY = "1,2";
			};
			name = Debug;
		};
		F4A87BFC2605E4DA008963DF /* Release */ = {
			isa = XCBuildConfiguration;
			buildSettings = {
				ASSETCATALOG_COMPILER_APPICON_NAME = AppIcon;
				ASSETCATALOG_COMPILER_GLOBAL_ACCENT_COLOR_NAME = AccentColor;
				CODE_SIGN_STYLE = Automatic;
				DEVELOPMENT_ASSET_PATHS = "\"Cinema/Preview Content\"";
				DEVELOPMENT_TEAM = 4CQW4CFFYT;
				ENABLE_PREVIEWS = YES;
				INFOPLIST_FILE = Cinema/Info.plist;
				IPHONEOS_DEPLOYMENT_TARGET = 14.0;
				LD_RUNPATH_SEARCH_PATHS = (
					"$(inherited)",
					"@executable_path/Frameworks",
				);
				PRODUCT_BUNDLE_IDENTIFIER = JackFinnis.Cinema;
				PRODUCT_NAME = "$(TARGET_NAME)";
				SWIFT_VERSION = 5.0;
				TARGETED_DEVICE_FAMILY = "1,2";
			};
			name = Release;
		};
/* End XCBuildConfiguration section */

/* Begin XCConfigurationList section */
		F4A87BE62605E4CF008963DF /* Build configuration list for PBXProject "Cinema" */ = {
			isa = XCConfigurationList;
			buildConfigurations = (
				F4A87BF82605E4DA008963DF /* Debug */,
				F4A87BF92605E4DA008963DF /* Release */,
			);
			defaultConfigurationIsVisible = 0;
			defaultConfigurationName = Release;
		};
		F4A87BFA2605E4DA008963DF /* Build configuration list for PBXNativeTarget "Cinema" */ = {
			isa = XCConfigurationList;
			buildConfigurations = (
				F4A87BFB2605E4DA008963DF /* Debug */,
				F4A87BFC2605E4DA008963DF /* Release */,
			);
			defaultConfigurationIsVisible = 0;
			defaultConfigurationName = Release;
		};
/* End XCConfigurationList section */
	};
	rootObject = F4A87BE32605E4CF008963DF /* Project object */;
}
